<?xml version="1.0" encoding="UTF-8" standalone="yes" ?>
<CodeBlocks_project_file>
	<FileVersion major="1" minor="6" />
	<Project>
		<Option title="MonitorES" />
		<Option platforms="Windows;" />
		<Option pch_mode="2" />
		<Option compiler="gcc" />
		<Build>
			<Target title="default">
				<Option platforms="Windows;" />
				<Option output="MonitorES" prefix_auto="1" extension_auto="1" />
				<Option additional_output="MuteVista.dll;" />
				<Option type="0" />
				<Option compiler="gcc" />
				<Option projectCompilerOptionsRelation="0" />
				<Option projectIncludeDirsRelation="0" />
				<Option projectResourceIncludeDirsRelation="0" />
				<Option projectLibDirsRelation="0" />
				<Compiler>
					<Add option="-fexpensive-optimizations" />
					<Add option="-Os" />
					<Add option="-O3" />
					<Add option="-O2" />
					<Add option="-O1" />
					<Add option="-O" />
				</Compiler>
				<Linker>
					<Add option="-s" />
					<Add option="-loleaut32 -luuid" />
					<Add library="C:\MinGW\lib\libpowrprof.a" />
					<Add library="C:\MinGW\lib\libpsapi.a" />
				</Linker>
			</Target>
		</Build>
		<Compiler>
			<Add option="-fexpensive-optimizations" />
			<Add option="-Os" />
			<Add option="-O3" />
			<Add option="-O2" />
			<Add option="-O1" />
			<Add option="-O" />
		</Compiler>
		<Linker>
			<Add option="-s" />
			<Add option="WinMM.Lib" />
			<Add option="Ole32.Lib" />
			<Add library="gdi32" />
			<Add library="user32" />
			<Add library="kernel32" />
			<Add library="C:\MinGW\lib\libpowrprof.a" />
			<Add directory="G:\WinSDK\Lib" />
		</Linker>
		<Unit filename="VolumeControl.cpp">
			<Option target="&lt;{~None~}&gt;" />
		</Unit>
		<Unit filename="functions.cpp">
			<Option target="&lt;{~None~}&gt;" />
		</Unit>
		<Unit filename="functions.h">
			<Option target="&lt;{~None~}&gt;" />
		</Unit>
		<Unit filename="iTunesCOMInterface.h">
			<Option target="&lt;{~None~}&gt;" />
		</Unit>
		<Unit filename="iTunesCOMInterface_i.c">
			<Option compilerVar="CC" />
			<Option target="&lt;{~None~}&gt;" />
		</Unit>
		<Unit filename="main.cpp" />
		<Unit filename="main.h">
			<Option target="&lt;{~None~}&gt;" />
		</Unit>
		<Unit filename="tray.cpp">
			<Option target="&lt;{~None~}&gt;" />
		</Unit>
		<Unit filename="tray.h">
			<Option target="&lt;{~None~}&gt;" />
		</Unit>
		<Unit filename="trayres.rc">
			<Option compilerVar="WINDRES" />
		</Unit>
		<Extensions>
			<code_completion />
			<debugger />
			<envvars />
			<AutoVersioning>
				<Scheme minor_max="10" build_max="0" rev_max="0" rev_rand_max="10" build_times_to_increment_minor="100" />
				<Settings autoincrement="1" date_declarations="1" do_auto_increment="0" ask_to_increment="0" language="C++" svn="0" svn_directory="" header_path="version.h" />
				<Changes_Log show_changes_editor="0" app_title="released version %M.%m.%b of %p" changeslog_path="ChangesLog.txt" />
				<Code header_guard="VERSION_H" namespace="AutoVersion" prefix="" />
			</AutoVersioning>
		</Extensions>
	</Project>
</CodeBlocks_project_file>
